
Microsoft Visual Studio Solution File, Format Version 12.00
# Visual Studio Version 17
VisualStudioVersion = 17.0.31903.59
MinimumVisualStudioVersion = 10.0.40219.1
Project("{FAE04EC0-301F-11D3-BF4B-00C04F79EFBC}") = "Iccbba.Isbt128", "Iccbba.Isbt128\Iccbba.Isbt128.csproj", "{1C9E81DF-45CD-4630-ADDE-79068E34BB51}"
EndProject
Project("{FAE04EC0-301F-11D3-BF4B-00C04F79EFBC}") = "Iccbba.Isbt128.Tests", "Iccbba.Isbt128.Tests\Iccbba.Isbt128.Tests.csproj", "{5A3DBC34-7E99-4AD9-A870-1DF3BF69DF93}"
EndProject
Global
	GlobalSection(SolutionConfigurationPlatforms) = preSolution
		Debug|Any CPU = Debug|Any CPU
		Release|Any CPU = Release|Any CPU
	EndGlobalSection
	GlobalSection(SolutionProperties) = preSolution
		HideSolutionNode = FALSE
	EndGlobalSection
	GlobalSection(ProjectConfigurationPlatforms) = postSolution
		{1C9E81DF-45CD-4630-ADDE-79068E34BB51}.Debug|Any CPU.ActiveCfg = Debug|Any CPU
		{1C9E81DF-45CD-4630-ADDE-79068E34BB51}.Debug|Any CPU.Build.0 = Debug|Any CPU
		{1C9E81DF-45CD-4630-ADDE-79068E34BB51}.Release|Any CPU.ActiveCfg = Release|Any CPU
		{1C9E81DF-45CD-4630-ADDE-79068E34BB51}.Release|Any CPU.Build.0 = Release|Any CPU
		{5A3DBC34-7E99-4AD9-A870-1DF3BF69DF93}.Debug|Any CPU.ActiveCfg = Debug|Any CPU
		{5A3DBC34-7E99-4AD9-A870-1DF3BF69DF93}.Debug|Any CPU.Build.0 = Debug|Any CPU
		{5A3DBC34-7E99-4AD9-A870-1DF3BF69DF93}.Release|Any CPU.ActiveCfg = Release|Any CPU
		{5A3DBC34-7E99-4AD9-A870-1DF3BF69DF93}.Release|Any CPU.Build.0 = Release|Any CPU
	EndGlobalSection
EndGlobal
